
Microsoft Visual Studio Solution File, Format Version 12.00
# Visual Studio Version 17
VisualStudioVersion = 17.14.36203.30 d17.14
MinimumVisualStudioVersion = 10.0.40219.1
Project("{888888A0-9F3D-457C-B088-3A5042F75D52}") = "analyzer", "analyzer\analyzer.pyproj", "{52310EDC-0363-4C8E-9715-3147559051BC}"
EndProject
Global
	GlobalSection(SolutionConfigurationPlatforms) = preSolution
		Debug|Any CPU = Debug|Any CPU
		Release|Any CPU = Release|Any CPU
	EndGlobalSection
	GlobalSection(ProjectConfigurationPlatforms) = postSolution
		{52310EDC-0363-4C8E-9715-3147559051BC}.Debug|Any CPU.ActiveCfg = Debug|Any CPU
		{52310EDC-0363-4C8E-9715-3147559051BC}.Release|Any CPU.ActiveCfg = Release|Any CPU
	EndGlobalSection
	GlobalSection(SolutionProperties) = preSolution
		HideSolutionNode = FALSE
	EndGlobalSection
	GlobalSection(ExtensibilityGlobals) = postSolution
		SolutionGuid = {A78E47E9-2E72-44BF-AAA0-C7487392654A}
	EndGlobalSection
EndGlobal
