
Microsoft Visual Studio Solution File, Format Version 12.00
# Visual Studio Version 17
VisualStudioVersion = 17.14.36203.30 d17.14
MinimumVisualStudioVersion = 10.0.40219.1
Project("{888888A0-9F3D-457C-B088-3A5042F75D52}") = "March Madness", "March Madness\March Madness.pyproj", "{1031484F-1974-42EA-BCA6-6760E406F5FA}"
EndProject
Global
	GlobalSection(SolutionConfigurationPlatforms) = preSolution
		Debug|Any CPU = Debug|Any CPU
		Release|Any CPU = Release|Any CPU
	EndGlobalSection
	GlobalSection(ProjectConfigurationPlatforms) = postSolution
		{1031484F-1974-42EA-BCA6-6760E406F5FA}.Debug|Any CPU.ActiveCfg = Debug|Any CPU
		{1031484F-1974-42EA-BCA6-6760E406F5FA}.Release|Any CPU.ActiveCfg = Release|Any CPU
	EndGlobalSection
	GlobalSection(SolutionProperties) = preSolution
		HideSolutionNode = FALSE
	EndGlobalSection
	GlobalSection(ExtensibilityGlobals) = postSolution
		SolutionGuid = {31D2F6C6-9005-4987-9AA5-BF34D1FDA7A6}
	EndGlobalSection
EndGlobal
