
Microsoft Visual Studio Solution File, Format Version 12.00
# Visual Studio Version 17
VisualStudioVersion = 17.14.36203.30 d17.14
MinimumVisualStudioVersion = 10.0.40219.1
Project("{888888A0-9F3D-457C-B088-3A5042F75D52}") = "GREP", "GREP\GREP.pyproj", "{DCED0D7F-23E0-4B92-9472-AB21FB42DC56}"
EndProject
Global
	GlobalSection(SolutionConfigurationPlatforms) = preSolution
		Debug|Any CPU = Debug|Any CPU
		Release|Any CPU = Release|Any CPU
	EndGlobalSection
	GlobalSection(ProjectConfigurationPlatforms) = postSolution
		{DCED0D7F-23E0-4B92-9472-AB21FB42DC56}.Debug|Any CPU.ActiveCfg = Debug|Any CPU
		{DCED0D7F-23E0-4B92-9472-AB21FB42DC56}.Release|Any CPU.ActiveCfg = Release|Any CPU
	EndGlobalSection
	GlobalSection(SolutionProperties) = preSolution
		HideSolutionNode = FALSE
	EndGlobalSection
	GlobalSection(ExtensibilityGlobals) = postSolution
		SolutionGuid = {2355694B-5ADA-4AE2-ACDD-2CF85A7B0A76}
	EndGlobalSection
EndGlobal
