
Microsoft Visual Studio Solution File, Format Version 12.00
# Visual Studio Version 17
VisualStudioVersion = 17.14.36203.30 d17.14
MinimumVisualStudioVersion = 10.0.40219.1
Project("{888888A0-9F3D-457C-B088-3A5042F75D52}") = "py-fest", "py-fest\py-fest.pyproj", "{01925495-F1BD-4F4F-B7C6-A9D6DCB1DAC8}"
EndProject
Global
	GlobalSection(SolutionConfigurationPlatforms) = preSolution
		Debug|Any CPU = Debug|Any CPU
		Release|Any CPU = Release|Any CPU
	EndGlobalSection
	GlobalSection(ProjectConfigurationPlatforms) = postSolution
		{01925495-F1BD-4F4F-B7C6-A9D6DCB1DAC8}.Debug|Any CPU.ActiveCfg = Debug|Any CPU
		{01925495-F1BD-4F4F-B7C6-A9D6DCB1DAC8}.Release|Any CPU.ActiveCfg = Release|Any CPU
	EndGlobalSection
	GlobalSection(SolutionProperties) = preSolution
		HideSolutionNode = FALSE
	EndGlobalSection
	GlobalSection(ExtensibilityGlobals) = postSolution
		SolutionGuid = {FD9A8998-4989-440F-A09F-D21029E79139}
	EndGlobalSection
EndGlobal
