
Microsoft Visual Studio Solution File, Format Version 12.00
# Visual Studio Version 17
VisualStudioVersion = 17.14.36203.30 d17.14
MinimumVisualStudioVersion = 10.0.40219.1
Project("{888888A0-9F3D-457C-B088-3A5042F75D52}") = "Nuggets", "Nuggets\Nuggets.pyproj", "{2F1FA772-B258-4DF1-9C95-EA7F9C51E452}"
EndProject
Global
	GlobalSection(SolutionConfigurationPlatforms) = preSolution
		Debug|Any CPU = Debug|Any CPU
		Release|Any CPU = Release|Any CPU
	EndGlobalSection
	GlobalSection(ProjectConfigurationPlatforms) = postSolution
		{2F1FA772-B258-4DF1-9C95-EA7F9C51E452}.Debug|Any CPU.ActiveCfg = Debug|Any CPU
		{2F1FA772-B258-4DF1-9C95-EA7F9C51E452}.Release|Any CPU.ActiveCfg = Release|Any CPU
	EndGlobalSection
	GlobalSection(SolutionProperties) = preSolution
		HideSolutionNode = FALSE
	EndGlobalSection
	GlobalSection(ExtensibilityGlobals) = postSolution
		SolutionGuid = {FE73BBE5-EACB-43EE-AFB4-4443EAC13CE3}
	EndGlobalSection
EndGlobal
